
Microsoft Visual Studio Solution File, Format Version 12.00
# Visual Studio Version 16
VisualStudioVersion = 16.0.31205.134
MinimumVisualStudioVersion = 10.0.40219.1
Project("{FAE04EC0-301F-11D3-BF4B-00C04F79EFBC}") = "LinqLab", "LinqLab\LinqLab.csproj", "{237109FC-C65C-4DD3-BD4D-FFADBF9C443A}"
EndProject
Global
	GlobalSection(SolutionConfigurationPlatforms) = preSolution
		Debug|Any CPU = Debug|Any CPU
		Release|Any CPU = Release|Any CPU
	EndGlobalSection
	GlobalSection(ProjectConfigurationPlatforms) = postSolution
		{237109FC-C65C-4DD3-BD4D-FFADBF9C443A}.Debug|Any CPU.ActiveCfg = Debug|Any CPU
		{237109FC-C65C-4DD3-BD4D-FFADBF9C443A}.Debug|Any CPU.Build.0 = Debug|Any CPU
		{237109FC-C65C-4DD3-BD4D-FFADBF9C443A}.Release|Any CPU.ActiveCfg = Release|Any CPU
		{237109FC-C65C-4DD3-BD4D-FFADBF9C443A}.Release|Any CPU.Build.0 = Release|Any CPU
	EndGlobalSection
	GlobalSection(SolutionProperties) = preSolution
		HideSolutionNode = FALSE
	EndGlobalSection
	GlobalSection(ExtensibilityGlobals) = postSolution
		SolutionGuid = {72235CB6-222D-4569-AEBE-3F2016B9D6F4}
	EndGlobalSection
EndGlobal
